
Microsoft Visual Studio Solution File, Format Version 12.00
# Visual Studio Version 16
VisualStudioVersion = 16.0.30413.136
MinimumVisualStudioVersion = 10.0.40219.1
Project("{9A19103F-16F7-4668-BE54-9A1E7A4F7556}") = "DrawPicApp", "DrawPicApp.csproj", "{B81FD1B2-3EF6-48CB-A194-446100461D92}"
EndProject
Project("{9A19103F-16F7-4668-BE54-9A1E7A4F7556}") = "DrawPicContracts", "..\DrawPicContracts\DrawPicContracts.csproj", "{124EFFE3-81A2-4DBB-8BDC-D9BA470CA078}"
EndProject
Project("{9A19103F-16F7-4668-BE54-9A1E7A4F7556}") = "SignUpTester", "..\SignUpTester\SignUpTester.csproj", "{550DF7F8-4D2B-4D7C-B175-F98770331AE8}"
EndProject
Project("{9A19103F-16F7-4668-BE54-9A1E7A4F7556}") = "AddDocumentService", "..\AddDocumentService\AddDocumentService.csproj", "{6F57E081-7983-4D73-AED7-8D5CBF081907}"
EndProject
Project("{9A19103F-16F7-4668-BE54-9A1E7A4F7556}") = "DocumentsDal", "..\DocumentsDal\DocumentsDal.csproj", "{11067552-70AE-4E38-AB33-5690993FD9FB}"
EndProject
Project("{9A19103F-16F7-4668-BE54-9A1E7A4F7556}") = "DocumentsDalTester", "..\DocumentsDalTester\DocumentsDalTester.csproj", "{5647A3AE-AED4-43B8-A6E8-F05044E7F88C}"
EndProject
Project("{9A19103F-16F7-4668-BE54-9A1E7A4F7556}") = "AddDocumentServiceTest", "..\AddDocumentServiceTest\AddDocumentServiceTest.csproj", "{4E261BB3-0AE8-424E-83AD-6A788BDD9AEA}"
EndProject
Project("{9A19103F-16F7-4668-BE54-9A1E7A4F7556}") = "GetDocumentService", "..\GetDocumentService\GetDocumentService.csproj", "{22CD5D5E-0AB6-48F8-B4F9-CEA314F59DB5}"
EndProject
Project("{9A19103F-16F7-4668-BE54-9A1E7A4F7556}") = "GetDocumentServiceTester", "..\GetDocumentServiceTester\GetDocumentServiceTester.csproj", "{6A8FDC1D-B0B4-4478-BB49-451EEAB6699B}"
EndProject
Project("{9A19103F-16F7-4668-BE54-9A1E7A4F7556}") = "CreateShareService", "..\CreateShareService\CreateShareService.csproj", "{785690FB-2142-4E2E-AAF1-89831B34F515}"
EndProject
Project("{9A19103F-16F7-4668-BE54-9A1E7A4F7556}") = "GetShareService", "..\GetShareService\GetShareService.csproj", "{328270DA-201E-4A03-89E8-0A26AB560FB3}"
EndProject
Project("{9A19103F-16F7-4668-BE54-9A1E7A4F7556}") = "GetAllDocumentsService", "..\GetAllDocumentsService\GetAllDocumentsService.csproj", "{11C5A5D2-A0D3-4D89-87C1-487A1B60ADAA}"
EndProject
Project("{9A19103F-16F7-4668-BE54-9A1E7A4F7556}") = "GetAllUsersService", "..\GetAllUsersService\GetAllUsersService.csproj", "{57FEC0DB-73F0-4AC0-A5B7-A8FF1117B50C}"
EndProject
Project("{9A19103F-16F7-4668-BE54-9A1E7A4F7556}") = "MarkerDal", "..\MarkerDal\MarkerDal.csproj", "{EB07C2FC-BEF4-4347-AB8A-5DB567C1F325}"
EndProject
Project("{9A19103F-16F7-4668-BE54-9A1E7A4F7556}") = "CreateMarkerService", "..\CreateMarkerService\CreateMarkerService.csproj", "{079F1C56-25E9-49FD-852A-6ED4EBA99F63}"
EndProject
Project("{9A19103F-16F7-4668-BE54-9A1E7A4F7556}") = "GetMarkersService", "..\GetMarkersService\GetMarkersService.csproj", "{10966D1C-45E0-4E05-9032-0AEA7AD6130F}"
EndProject
Project("{9A19103F-16F7-4668-BE54-9A1E7A4F7556}") = "RemoveDocumentService", "..\..\..\Server2\RemoveDocumentService\RemoveDocumentService.csproj", "{47B53C08-8423-46CE-89BA-046A9580D404}"
EndProject
Project("{9A19103F-16F7-4668-BE54-9A1E7A4F7556}") = "RemoveMarkerService", "..\..\..\Server2\RemoveMarkerService\RemoveMarkerService.csproj", "{D35A277F-F406-4E94-8C24-FF4C9A64BE48}"
EndProject
Project("{9A19103F-16F7-4668-BE54-9A1E7A4F7556}") = "RemoveShareService", "..\RemoveShareService\RemoveShareService.csproj", "{C902E699-2FC2-4744-9079-A3B5CB28EECA}"
EndProject
Project("{9A19103F-16F7-4668-BE54-9A1E7A4F7556}") = "ShareDal", "..\ShareDal\ShareDal.csproj", "{312899FB-D448-474E-BD18-F1F4E158F239}"
EndProject
Project("{9A19103F-16F7-4668-BE54-9A1E7A4F7556}") = "ShareDalTester", "..\ShareDalTester\ShareDalTester.csproj", "{8D6E3E1D-19C4-4A50-9989-2D10B7D1F20F}"
EndProject
Project("{9A19103F-16F7-4668-BE54-9A1E7A4F7556}") = "SignInService", "..\SignInService\SignInService.csproj", "{2FF8EFAD-1109-40A4-B6F9-DB689CC9875A}"
EndProject
Project("{9A19103F-16F7-4668-BE54-9A1E7A4F7556}") = "SignUpService", "..\SignUpService\SignUpService.csproj", "{725C9710-54DD-4B53-830F-EB55D3CD25BC}"
EndProject
Project("{9A19103F-16F7-4668-BE54-9A1E7A4F7556}") = "UpdateDocumentService", "..\UpdateDocumentService\UpdateDocumentService.csproj", "{07BED75B-A7CA-49CC-8E7B-3193A81B5449}"
EndProject
Project("{9A19103F-16F7-4668-BE54-9A1E7A4F7556}") = "UpdateMarkerService", "..\UpdateMarkerService\UpdateMarkerService.csproj", "{6B18B30A-5631-4D7E-BD0F-4E9B5C2F3663}"
EndProject
Project("{9A19103F-16F7-4668-BE54-9A1E7A4F7556}") = "UserDal", "..\UserDal\UserDal.csproj", "{EDBBA51C-0012-4732-8B0E-1F17AA83200B}"
EndProject
Project("{9A19103F-16F7-4668-BE54-9A1E7A4F7556}") = "ValidateService", "..\ValidateService\ValidateService.csproj", "{677BE187-5194-43A7-BFA7-0EF641B6707A}"
EndProject
Global
	GlobalSection(SolutionConfigurationPlatforms) = preSolution
		Debug|Any CPU = Debug|Any CPU
		Release|Any CPU = Release|Any CPU
	EndGlobalSection
	GlobalSection(ProjectConfigurationPlatforms) = postSolution
		{B81FD1B2-3EF6-48CB-A194-446100461D92}.Debug|Any CPU.ActiveCfg = Debug|Any CPU
		{B81FD1B2-3EF6-48CB-A194-446100461D92}.Debug|Any CPU.Build.0 = Debug|Any CPU
		{B81FD1B2-3EF6-48CB-A194-446100461D92}.Release|Any CPU.ActiveCfg = Release|Any CPU
		{B81FD1B2-3EF6-48CB-A194-446100461D92}.Release|Any CPU.Build.0 = Release|Any CPU
		{124EFFE3-81A2-4DBB-8BDC-D9BA470CA078}.Debug|Any CPU.ActiveCfg = Debug|Any CPU
		{124EFFE3-81A2-4DBB-8BDC-D9BA470CA078}.Debug|Any CPU.Build.0 = Debug|Any CPU
		{124EFFE3-81A2-4DBB-8BDC-D9BA470CA078}.Release|Any CPU.ActiveCfg = Release|Any CPU
		{124EFFE3-81A2-4DBB-8BDC-D9BA470CA078}.Release|Any CPU.Build.0 = Release|Any CPU
		{550DF7F8-4D2B-4D7C-B175-F98770331AE8}.Debug|Any CPU.ActiveCfg = Debug|Any CPU
		{550DF7F8-4D2B-4D7C-B175-F98770331AE8}.Debug|Any CPU.Build.0 = Debug|Any CPU
		{550DF7F8-4D2B-4D7C-B175-F98770331AE8}.Release|Any CPU.ActiveCfg = Release|Any CPU
		{550DF7F8-4D2B-4D7C-B175-F98770331AE8}.Release|Any CPU.Build.0 = Release|Any CPU
		{6F57E081-7983-4D73-AED7-8D5CBF081907}.Debug|Any CPU.ActiveCfg = Debug|Any CPU
		{6F57E081-7983-4D73-AED7-8D5CBF081907}.Debug|Any CPU.Build.0 = Debug|Any CPU
		{6F57E081-7983-4D73-AED7-8D5CBF081907}.Release|Any CPU.ActiveCfg = Release|Any CPU
		{6F57E081-7983-4D73-AED7-8D5CBF081907}.Release|Any CPU.Build.0 = Release|Any CPU
		{11067552-70AE-4E38-AB33-5690993FD9FB}.Debug|Any CPU.ActiveCfg = Debug|Any CPU
		{11067552-70AE-4E38-AB33-5690993FD9FB}.Debug|Any CPU.Build.0 = Debug|Any CPU
		{11067552-70AE-4E38-AB33-5690993FD9FB}.Release|Any CPU.ActiveCfg = Release|Any CPU
		{11067552-70AE-4E38-AB33-5690993FD9FB}.Release|Any CPU.Build.0 = Release|Any CPU
		{5647A3AE-AED4-43B8-A6E8-F05044E7F88C}.Debug|Any CPU.ActiveCfg = Debug|Any CPU
		{5647A3AE-AED4-43B8-A6E8-F05044E7F88C}.Debug|Any CPU.Build.0 = Debug|Any CPU
		{5647A3AE-AED4-43B8-A6E8-F05044E7F88C}.Release|Any CPU.ActiveCfg = Release|Any CPU
		{5647A3AE-AED4-43B8-A6E8-F05044E7F88C}.Release|Any CPU.Build.0 = Release|Any CPU
		{4E261BB3-0AE8-424E-83AD-6A788BDD9AEA}.Debug|Any CPU.ActiveCfg = Debug|Any CPU
		{4E261BB3-0AE8-424E-83AD-6A788BDD9AEA}.Debug|Any CPU.Build.0 = Debug|Any CPU
		{4E261BB3-0AE8-424E-83AD-6A788BDD9AEA}.Release|Any CPU.ActiveCfg = Release|Any CPU
		{4E261BB3-0AE8-424E-83AD-6A788BDD9AEA}.Release|Any CPU.Build.0 = Release|Any CPU
		{22CD5D5E-0AB6-48F8-B4F9-CEA314F59DB5}.Debug|Any CPU.ActiveCfg = Debug|Any CPU
		{22CD5D5E-0AB6-48F8-B4F9-CEA314F59DB5}.Debug|Any CPU.Build.0 = Debug|Any CPU
		{22CD5D5E-0AB6-48F8-B4F9-CEA314F59DB5}.Release|Any CPU.ActiveCfg = Release|Any CPU
		{22CD5D5E-0AB6-48F8-B4F9-CEA314F59DB5}.Release|Any CPU.Build.0 = Release|Any CPU
		{6A8FDC1D-B0B4-4478-BB49-451EEAB6699B}.Debug|Any CPU.ActiveCfg = Debug|Any CPU
		{6A8FDC1D-B0B4-4478-BB49-451EEAB6699B}.Debug|Any CPU.Build.0 = Debug|Any CPU
		{6A8FDC1D-B0B4-4478-BB49-451EEAB6699B}.Release|Any CPU.ActiveCfg = Release|Any CPU
		{6A8FDC1D-B0B4-4478-BB49-451EEAB6699B}.Release|Any CPU.Build.0 = Release|Any CPU
		{785690FB-2142-4E2E-AAF1-89831B34F515}.Debug|Any CPU.ActiveCfg = Debug|Any CPU
		{785690FB-2142-4E2E-AAF1-89831B34F515}.Debug|Any CPU.Build.0 = Debug|Any CPU
		{785690FB-2142-4E2E-AAF1-89831B34F515}.Release|Any CPU.ActiveCfg = Release|Any CPU
		{785690FB-2142-4E2E-AAF1-89831B34F515}.Release|Any CPU.Build.0 = Release|Any CPU
		{328270DA-201E-4A03-89E8-0A26AB560FB3}.Debug|Any CPU.ActiveCfg = Debug|Any CPU
		{328270DA-201E-4A03-89E8-0A26AB560FB3}.Debug|Any CPU.Build.0 = Debug|Any CPU
		{328270DA-201E-4A03-89E8-0A26AB560FB3}.Release|Any CPU.ActiveCfg = Release|Any CPU
		{328270DA-201E-4A03-89E8-0A26AB560FB3}.Release|Any CPU.Build.0 = Release|Any CPU
		{11C5A5D2-A0D3-4D89-87C1-487A1B60ADAA}.Debug|Any CPU.ActiveCfg = Debug|Any CPU
		{11C5A5D2-A0D3-4D89-87C1-487A1B60ADAA}.Debug|Any CPU.Build.0 = Debug|Any CPU
		{11C5A5D2-A0D3-4D89-87C1-487A1B60ADAA}.Release|Any CPU.ActiveCfg = Release|Any CPU
		{11C5A5D2-A0D3-4D89-87C1-487A1B60ADAA}.Release|Any CPU.Build.0 = Release|Any CPU
		{57FEC0DB-73F0-4AC0-A5B7-A8FF1117B50C}.Debug|Any CPU.ActiveCfg = Debug|Any CPU
		{57FEC0DB-73F0-4AC0-A5B7-A8FF1117B50C}.Debug|Any CPU.Build.0 = Debug|Any CPU
		{57FEC0DB-73F0-4AC0-A5B7-A8FF1117B50C}.Release|Any CPU.ActiveCfg = Release|Any CPU
		{57FEC0DB-73F0-4AC0-A5B7-A8FF1117B50C}.Release|Any CPU.Build.0 = Release|Any CPU
		{EB07C2FC-BEF4-4347-AB8A-5DB567C1F325}.Debug|Any CPU.ActiveCfg = Debug|Any CPU
		{EB07C2FC-BEF4-4347-AB8A-5DB567C1F325}.Debug|Any CPU.Build.0 = Debug|Any CPU
		{EB07C2FC-BEF4-4347-AB8A-5DB567C1F325}.Release|Any CPU.ActiveCfg = Release|Any CPU
		{EB07C2FC-BEF4-4347-AB8A-5DB567C1F325}.Release|Any CPU.Build.0 = Release|Any CPU
		{079F1C56-25E9-49FD-852A-6ED4EBA99F63}.Debug|Any CPU.ActiveCfg = Debug|Any CPU
		{079F1C56-25E9-49FD-852A-6ED4EBA99F63}.Debug|Any CPU.Build.0 = Debug|Any CPU
		{079F1C56-25E9-49FD-852A-6ED4EBA99F63}.Release|Any CPU.ActiveCfg = Release|Any CPU
		{079F1C56-25E9-49FD-852A-6ED4EBA99F63}.Release|Any CPU.Build.0 = Release|Any CPU
		{10966D1C-45E0-4E05-9032-0AEA7AD6130F}.Debug|Any CPU.ActiveCfg = Debug|Any CPU
		{10966D1C-45E0-4E05-9032-0AEA7AD6130F}.Debug|Any CPU.Build.0 = Debug|Any CPU
		{10966D1C-45E0-4E05-9032-0AEA7AD6130F}.Release|Any CPU.ActiveCfg = Release|Any CPU
		{10966D1C-45E0-4E05-9032-0AEA7AD6130F}.Release|Any CPU.Build.0 = Release|Any CPU
		{47B53C08-8423-46CE-89BA-046A9580D404}.Debug|Any CPU.ActiveCfg = Debug|Any CPU
		{47B53C08-8423-46CE-89BA-046A9580D404}.Debug|Any CPU.Build.0 = Debug|Any CPU
		{47B53C08-8423-46CE-89BA-046A9580D404}.Release|Any CPU.ActiveCfg = Release|Any CPU
		{47B53C08-8423-46CE-89BA-046A9580D404}.Release|Any CPU.Build.0 = Release|Any CPU
		{D35A277F-F406-4E94-8C24-FF4C9A64BE48}.Debug|Any CPU.ActiveCfg = Debug|Any CPU
		{D35A277F-F406-4E94-8C24-FF4C9A64BE48}.Debug|Any CPU.Build.0 = Debug|Any CPU
		{D35A277F-F406-4E94-8C24-FF4C9A64BE48}.Release|Any CPU.ActiveCfg = Release|Any CPU
		{D35A277F-F406-4E94-8C24-FF4C9A64BE48}.Release|Any CPU.Build.0 = Release|Any CPU
		{C902E699-2FC2-4744-9079-A3B5CB28EECA}.Debug|Any CPU.ActiveCfg = Debug|Any CPU
		{C902E699-2FC2-4744-9079-A3B5CB28EECA}.Debug|Any CPU.Build.0 = Debug|Any CPU
		{C902E699-2FC2-4744-9079-A3B5CB28EECA}.Release|Any CPU.ActiveCfg = Release|Any CPU
		{C902E699-2FC2-4744-9079-A3B5CB28EECA}.Release|Any CPU.Build.0 = Release|Any CPU
		{312899FB-D448-474E-BD18-F1F4E158F239}.Debug|Any CPU.ActiveCfg = Debug|Any CPU
		{312899FB-D448-474E-BD18-F1F4E158F239}.Debug|Any CPU.Build.0 = Debug|Any CPU
		{312899FB-D448-474E-BD18-F1F4E158F239}.Release|Any CPU.ActiveCfg = Release|Any CPU
		{312899FB-D448-474E-BD18-F1F4E158F239}.Release|Any CPU.Build.0 = Release|Any CPU
		{8D6E3E1D-19C4-4A50-9989-2D10B7D1F20F}.Debug|Any CPU.ActiveCfg = Debug|Any CPU
		{8D6E3E1D-19C4-4A50-9989-2D10B7D1F20F}.Debug|Any CPU.Build.0 = Debug|Any CPU
		{8D6E3E1D-19C4-4A50-9989-2D10B7D1F20F}.Release|Any CPU.ActiveCfg = Release|Any CPU
		{8D6E3E1D-19C4-4A50-9989-2D10B7D1F20F}.Release|Any CPU.Build.0 = Release|Any CPU
		{2FF8EFAD-1109-40A4-B6F9-DB689CC9875A}.Debug|Any CPU.ActiveCfg = Debug|Any CPU
		{2FF8EFAD-1109-40A4-B6F9-DB689CC9875A}.Debug|Any CPU.Build.0 = Debug|Any CPU
		{2FF8EFAD-1109-40A4-B6F9-DB689CC9875A}.Release|Any CPU.ActiveCfg = Release|Any CPU
		{2FF8EFAD-1109-40A4-B6F9-DB689CC9875A}.Release|Any CPU.Build.0 = Release|Any CPU
		{725C9710-54DD-4B53-830F-EB55D3CD25BC}.Debug|Any CPU.ActiveCfg = Debug|Any CPU
		{725C9710-54DD-4B53-830F-EB55D3CD25BC}.Debug|Any CPU.Build.0 = Debug|Any CPU
		{725C9710-54DD-4B53-830F-EB55D3CD25BC}.Release|Any CPU.ActiveCfg = Release|Any CPU
		{725C9710-54DD-4B53-830F-EB55D3CD25BC}.Release|Any CPU.Build.0 = Release|Any CPU
		{07BED75B-A7CA-49CC-8E7B-3193A81B5449}.Debug|Any CPU.ActiveCfg = Debug|Any CPU
		{07BED75B-A7CA-49CC-8E7B-3193A81B5449}.Debug|Any CPU.Build.0 = Debug|Any CPU
		{07BED75B-A7CA-49CC-8E7B-3193A81B5449}.Release|Any CPU.ActiveCfg = Release|Any CPU
		{07BED75B-A7CA-49CC-8E7B-3193A81B5449}.Release|Any CPU.Build.0 = Release|Any CPU
		{6B18B30A-5631-4D7E-BD0F-4E9B5C2F3663}.Debug|Any CPU.ActiveCfg = Debug|Any CPU
		{6B18B30A-5631-4D7E-BD0F-4E9B5C2F3663}.Debug|Any CPU.Build.0 = Debug|Any CPU
		{6B18B30A-5631-4D7E-BD0F-4E9B5C2F3663}.Release|Any CPU.ActiveCfg = Release|Any CPU
		{6B18B30A-5631-4D7E-BD0F-4E9B5C2F3663}.Release|Any CPU.Build.0 = Release|Any CPU
		{EDBBA51C-0012-4732-8B0E-1F17AA83200B}.Debug|Any CPU.ActiveCfg = Debug|Any CPU
		{EDBBA51C-0012-4732-8B0E-1F17AA83200B}.Debug|Any CPU.Build.0 = Debug|Any CPU
		{EDBBA51C-0012-4732-8B0E-1F17AA83200B}.Release|Any CPU.ActiveCfg = Release|Any CPU
		{EDBBA51C-0012-4732-8B0E-1F17AA83200B}.Release|Any CPU.Build.0 = Release|Any CPU
		{677BE187-5194-43A7-BFA7-0EF641B6707A}.Debug|Any CPU.ActiveCfg = Debug|Any CPU
		{677BE187-5194-43A7-BFA7-0EF641B6707A}.Debug|Any CPU.Build.0 = Debug|Any CPU
		{677BE187-5194-43A7-BFA7-0EF641B6707A}.Release|Any CPU.ActiveCfg = Release|Any CPU
		{677BE187-5194-43A7-BFA7-0EF641B6707A}.Release|Any CPU.Build.0 = Release|Any CPU
	EndGlobalSection
	GlobalSection(SolutionProperties) = preSolution
		HideSolutionNode = FALSE
	EndGlobalSection
	GlobalSection(ExtensibilityGlobals) = postSolution
		SolutionGuid = {AECA5E09-61B9-4F57-84E7-E7FDB0BA008C}
	EndGlobalSection
EndGlobal
