
Microsoft Visual Studio Solution File, Format Version 12.00
# Visual Studio Version 16
VisualStudioVersion = 16.0.30413.136
MinimumVisualStudioVersion = 10.0.40219.1
Project("{9A19103F-16F7-4668-BE54-9A1E7A4F7556}") = "DrawPicApp", "DrawPicApp.csproj", "{B81FD1B2-3EF6-48CB-A194-446100461D92}"
EndProject
Project("{9A19103F-16F7-4668-BE54-9A1E7A4F7556}") = "DrawPicContracts", "..\DrawPicContracts\DrawPicContracts.csproj", "{124EFFE3-81A2-4DBB-8BDC-D9BA470CA078}"
EndProject
Project("{9A19103F-16F7-4668-BE54-9A1E7A4F7556}") = "AddDocumentService", "..\AddDocumentService\AddDocumentService.csproj", "{6F57E081-7983-4D73-AED7-8D5CBF081907}"
EndProject
Project("{9A19103F-16F7-4668-BE54-9A1E7A4F7556}") = "DocumentsDal", "..\DocumentsDal\DocumentsDal.csproj", "{11067552-70AE-4E38-AB33-5690993FD9FB}"
EndProject
Project("{9A19103F-16F7-4668-BE54-9A1E7A4F7556}") = "GetDocumentService", "..\GetDocumentService\GetDocumentService.csproj", "{22CD5D5E-0AB6-48F8-B4F9-CEA314F59DB5}"
EndProject
Project("{9A19103F-16F7-4668-BE54-9A1E7A4F7556}") = "CreateShareService", "..\CreateShareService\CreateShareService.csproj", "{785690FB-2142-4E2E-AAF1-89831B34F515}"
EndProject
Project("{9A19103F-16F7-4668-BE54-9A1E7A4F7556}") = "GetShareService", "..\GetShareService\GetShareService.csproj", "{328270DA-201E-4A03-89E8-0A26AB560FB3}"
EndProject
Project("{9A19103F-16F7-4668-BE54-9A1E7A4F7556}") = "GetAllDocumentsService", "..\GetAllDocumentsService\GetAllDocumentsService.csproj", "{11C5A5D2-A0D3-4D89-87C1-487A1B60ADAA}"
EndProject
Project("{9A19103F-16F7-4668-BE54-9A1E7A4F7556}") = "GetAllUsersService", "..\GetAllUsersService\GetAllUsersService.csproj", "{57FEC0DB-73F0-4AC0-A5B7-A8FF1117B50C}"
EndProject
Project("{9A19103F-16F7-4668-BE54-9A1E7A4F7556}") = "MarkerDal", "..\MarkerDal\MarkerDal.csproj", "{EB07C2FC-BEF4-4347-AB8A-5DB567C1F325}"
EndProject
Project("{9A19103F-16F7-4668-BE54-9A1E7A4F7556}") = "CreateMarkerService", "..\CreateMarkerService\CreateMarkerService.csproj", "{079F1C56-25E9-49FD-852A-6ED4EBA99F63}"
EndProject
Project("{9A19103F-16F7-4668-BE54-9A1E7A4F7556}") = "GetMarkersService", "..\GetMarkersService\GetMarkersService.csproj", "{10966D1C-45E0-4E05-9032-0AEA7AD6130F}"
EndProject
Project("{9A19103F-16F7-4668-BE54-9A1E7A4F7556}") = "RemoveShareService", "..\RemoveShareService\RemoveShareService.csproj", "{C902E699-2FC2-4744-9079-A3B5CB28EECA}"
EndProject
Project("{9A19103F-16F7-4668-BE54-9A1E7A4F7556}") = "ShareDal", "..\ShareDal\ShareDal.csproj", "{312899FB-D448-474E-BD18-F1F4E158F239}"
EndProject
Project("{9A19103F-16F7-4668-BE54-9A1E7A4F7556}") = "SignInService", "..\SignInService\SignInService.csproj", "{2FF8EFAD-1109-40A4-B6F9-DB689CC9875A}"
EndProject
Project("{9A19103F-16F7-4668-BE54-9A1E7A4F7556}") = "SignUpService", "..\SignUpService\SignUpService.csproj", "{725C9710-54DD-4B53-830F-EB55D3CD25BC}"
EndProject
Project("{9A19103F-16F7-4668-BE54-9A1E7A4F7556}") = "UpdateDocumentService", "..\UpdateDocumentService\UpdateDocumentService.csproj", "{07BED75B-A7CA-49CC-8E7B-3193A81B5449}"
EndProject
Project("{9A19103F-16F7-4668-BE54-9A1E7A4F7556}") = "UpdateMarkerService", "..\UpdateMarkerService\UpdateMarkerService.csproj", "{6B18B30A-5631-4D7E-BD0F-4E9B5C2F3663}"
EndProject
Project("{9A19103F-16F7-4668-BE54-9A1E7A4F7556}") = "UserDal", "..\UserDal\UserDal.csproj", "{EDBBA51C-0012-4732-8B0E-1F17AA83200B}"
EndProject
Project("{9A19103F-16F7-4668-BE54-9A1E7A4F7556}") = "ValidateService", "..\ValidateService\ValidateService.csproj", "{677BE187-5194-43A7-BFA7-0EF641B6707A}"
EndProject
Project("{9A19103F-16F7-4668-BE54-9A1E7A4F7556}") = "MarkerWebSocket", "..\MarkerWebSocket\MarkerWebSocket.csproj", "{EB5AAC02-4912-4DA5-90F1-1F29A0C9ADF8}"
EndProject
Project("{9A19103F-16F7-4668-BE54-9A1E7A4F7556}") = "RemoveMarkerService", "..\RemoveMarkerService\RemoveMarkerService.csproj", "{0BD7235D-6382-43A3-8673-B43512DEAF58}"
EndProject
Project("{9A19103F-16F7-4668-BE54-9A1E7A4F7556}") = "RemoveDocumentService", "..\RemoveDocumentService\RemoveDocumentService.csproj", "{29097D12-B42E-4984-83AF-E224EB0CDC2F}"
EndProject
Project("{9A19103F-16F7-4668-BE54-9A1E7A4F7556}") = "DI", "..\DI\DI.csproj", "{9327FB6E-21A5-46BC-AA68-E66FA4E132A0}"
EndProject
Project("{9A19103F-16F7-4668-BE54-9A1E7A4F7556}") = "DIContracts", "..\DIContracts\DIContracts.csproj", "{42D4E7D8-D0DD-4B56-98B8-1116EB4415BA}"
EndProject
Project("{9A19103F-16F7-4668-BE54-9A1E7A4F7556}") = "InfraDal", "..\InfraDal\InfraDal.csproj", "{8B0632D0-6934-43D6-A2C5-50B1ED4943F0}"
EndProject
Project("{9A19103F-16F7-4668-BE54-9A1E7A4F7556}") = "InfraContracts", "..\InfraContracts\InfraContracts.csproj", "{0CDBA2BE-3595-4652-9FE7-DB3EBC66C69D}"
EndProject
Project("{9A19103F-16F7-4668-BE54-9A1E7A4F7556}") = "InfraMessengerWS", "..\InfraMessangerWS\InfraMessengerWS.csproj", "{A0C03685-52F8-4E6A-976F-7C0709F3F13C}"
EndProject
Project("{FAE04EC0-301F-11D3-BF4B-00C04F79EFBC}") = "LiveWatchDocsDal", "..\LiveWatchDocsDal\LiveWatchDocsDal.csproj", "{0BB99166-6CC4-4CE0-9F1F-47A150D3AD32}"
EndProject
Project("{FAE04EC0-301F-11D3-BF4B-00C04F79EFBC}") = "LiveWatchDocsDalTester", "..\LiveWatchDocsDalTester\LiveWatchDocsDalTester.csproj", "{050FCD35-F222-4B40-9D24-3A719CF5BB7F}"
EndProject
Global
	GlobalSection(SolutionConfigurationPlatforms) = preSolution
		Debug|Any CPU = Debug|Any CPU
		Release|Any CPU = Release|Any CPU
	EndGlobalSection
	GlobalSection(ProjectConfigurationPlatforms) = postSolution
		{B81FD1B2-3EF6-48CB-A194-446100461D92}.Debug|Any CPU.ActiveCfg = Debug|Any CPU
		{B81FD1B2-3EF6-48CB-A194-446100461D92}.Debug|Any CPU.Build.0 = Debug|Any CPU
		{B81FD1B2-3EF6-48CB-A194-446100461D92}.Release|Any CPU.ActiveCfg = Release|Any CPU
		{B81FD1B2-3EF6-48CB-A194-446100461D92}.Release|Any CPU.Build.0 = Release|Any CPU
		{124EFFE3-81A2-4DBB-8BDC-D9BA470CA078}.Debug|Any CPU.ActiveCfg = Debug|Any CPU
		{124EFFE3-81A2-4DBB-8BDC-D9BA470CA078}.Debug|Any CPU.Build.0 = Debug|Any CPU
		{124EFFE3-81A2-4DBB-8BDC-D9BA470CA078}.Release|Any CPU.ActiveCfg = Release|Any CPU
		{124EFFE3-81A2-4DBB-8BDC-D9BA470CA078}.Release|Any CPU.Build.0 = Release|Any CPU
		{6F57E081-7983-4D73-AED7-8D5CBF081907}.Debug|Any CPU.ActiveCfg = Debug|Any CPU
		{6F57E081-7983-4D73-AED7-8D5CBF081907}.Debug|Any CPU.Build.0 = Debug|Any CPU
		{6F57E081-7983-4D73-AED7-8D5CBF081907}.Release|Any CPU.ActiveCfg = Release|Any CPU
		{6F57E081-7983-4D73-AED7-8D5CBF081907}.Release|Any CPU.Build.0 = Release|Any CPU
		{11067552-70AE-4E38-AB33-5690993FD9FB}.Debug|Any CPU.ActiveCfg = Debug|Any CPU
		{11067552-70AE-4E38-AB33-5690993FD9FB}.Debug|Any CPU.Build.0 = Debug|Any CPU
		{11067552-70AE-4E38-AB33-5690993FD9FB}.Release|Any CPU.ActiveCfg = Release|Any CPU
		{11067552-70AE-4E38-AB33-5690993FD9FB}.Release|Any CPU.Build.0 = Release|Any CPU
		{22CD5D5E-0AB6-48F8-B4F9-CEA314F59DB5}.Debug|Any CPU.ActiveCfg = Debug|Any CPU
		{22CD5D5E-0AB6-48F8-B4F9-CEA314F59DB5}.Debug|Any CPU.Build.0 = Debug|Any CPU
		{22CD5D5E-0AB6-48F8-B4F9-CEA314F59DB5}.Release|Any CPU.ActiveCfg = Release|Any CPU
		{22CD5D5E-0AB6-48F8-B4F9-CEA314F59DB5}.Release|Any CPU.Build.0 = Release|Any CPU
		{785690FB-2142-4E2E-AAF1-89831B34F515}.Debug|Any CPU.ActiveCfg = Debug|Any CPU
		{785690FB-2142-4E2E-AAF1-89831B34F515}.Debug|Any CPU.Build.0 = Debug|Any CPU
		{785690FB-2142-4E2E-AAF1-89831B34F515}.Release|Any CPU.ActiveCfg = Release|Any CPU
		{785690FB-2142-4E2E-AAF1-89831B34F515}.Release|Any CPU.Build.0 = Release|Any CPU
		{328270DA-201E-4A03-89E8-0A26AB560FB3}.Debug|Any CPU.ActiveCfg = Debug|Any CPU
		{328270DA-201E-4A03-89E8-0A26AB560FB3}.Debug|Any CPU.Build.0 = Debug|Any CPU
		{328270DA-201E-4A03-89E8-0A26AB560FB3}.Release|Any CPU.ActiveCfg = Release|Any CPU
		{328270DA-201E-4A03-89E8-0A26AB560FB3}.Release|Any CPU.Build.0 = Release|Any CPU
		{11C5A5D2-A0D3-4D89-87C1-487A1B60ADAA}.Debug|Any CPU.ActiveCfg = Debug|Any CPU
		{11C5A5D2-A0D3-4D89-87C1-487A1B60ADAA}.Debug|Any CPU.Build.0 = Debug|Any CPU
		{11C5A5D2-A0D3-4D89-87C1-487A1B60ADAA}.Release|Any CPU.ActiveCfg = Release|Any CPU
		{11C5A5D2-A0D3-4D89-87C1-487A1B60ADAA}.Release|Any CPU.Build.0 = Release|Any CPU
		{57FEC0DB-73F0-4AC0-A5B7-A8FF1117B50C}.Debug|Any CPU.ActiveCfg = Debug|Any CPU
		{57FEC0DB-73F0-4AC0-A5B7-A8FF1117B50C}.Debug|Any CPU.Build.0 = Debug|Any CPU
		{57FEC0DB-73F0-4AC0-A5B7-A8FF1117B50C}.Release|Any CPU.ActiveCfg = Release|Any CPU
		{57FEC0DB-73F0-4AC0-A5B7-A8FF1117B50C}.Release|Any CPU.Build.0 = Release|Any CPU
		{EB07C2FC-BEF4-4347-AB8A-5DB567C1F325}.Debug|Any CPU.ActiveCfg = Debug|Any CPU
		{EB07C2FC-BEF4-4347-AB8A-5DB567C1F325}.Debug|Any CPU.Build.0 = Debug|Any CPU
		{EB07C2FC-BEF4-4347-AB8A-5DB567C1F325}.Release|Any CPU.ActiveCfg = Release|Any CPU
		{EB07C2FC-BEF4-4347-AB8A-5DB567C1F325}.Release|Any CPU.Build.0 = Release|Any CPU
		{079F1C56-25E9-49FD-852A-6ED4EBA99F63}.Debug|Any CPU.ActiveCfg = Debug|Any CPU
		{079F1C56-25E9-49FD-852A-6ED4EBA99F63}.Debug|Any CPU.Build.0 = Debug|Any CPU
		{079F1C56-25E9-49FD-852A-6ED4EBA99F63}.Release|Any CPU.ActiveCfg = Release|Any CPU
		{079F1C56-25E9-49FD-852A-6ED4EBA99F63}.Release|Any CPU.Build.0 = Release|Any CPU
		{10966D1C-45E0-4E05-9032-0AEA7AD6130F}.Debug|Any CPU.ActiveCfg = Debug|Any CPU
		{10966D1C-45E0-4E05-9032-0AEA7AD6130F}.Debug|Any CPU.Build.0 = Debug|Any CPU
		{10966D1C-45E0-4E05-9032-0AEA7AD6130F}.Release|Any CPU.ActiveCfg = Release|Any CPU
		{10966D1C-45E0-4E05-9032-0AEA7AD6130F}.Release|Any CPU.Build.0 = Release|Any CPU
		{C902E699-2FC2-4744-9079-A3B5CB28EECA}.Debug|Any CPU.ActiveCfg = Debug|Any CPU
		{C902E699-2FC2-4744-9079-A3B5CB28EECA}.Debug|Any CPU.Build.0 = Debug|Any CPU
		{C902E699-2FC2-4744-9079-A3B5CB28EECA}.Release|Any CPU.ActiveCfg = Release|Any CPU
		{C902E699-2FC2-4744-9079-A3B5CB28EECA}.Release|Any CPU.Build.0 = Release|Any CPU
		{312899FB-D448-474E-BD18-F1F4E158F239}.Debug|Any CPU.ActiveCfg = Debug|Any CPU
		{312899FB-D448-474E-BD18-F1F4E158F239}.Debug|Any CPU.Build.0 = Debug|Any CPU
		{312899FB-D448-474E-BD18-F1F4E158F239}.Release|Any CPU.ActiveCfg = Release|Any CPU
		{312899FB-D448-474E-BD18-F1F4E158F239}.Release|Any CPU.Build.0 = Release|Any CPU
		{2FF8EFAD-1109-40A4-B6F9-DB689CC9875A}.Debug|Any CPU.ActiveCfg = Debug|Any CPU
		{2FF8EFAD-1109-40A4-B6F9-DB689CC9875A}.Debug|Any CPU.Build.0 = Debug|Any CPU
		{2FF8EFAD-1109-40A4-B6F9-DB689CC9875A}.Release|Any CPU.ActiveCfg = Release|Any CPU
		{2FF8EFAD-1109-40A4-B6F9-DB689CC9875A}.Release|Any CPU.Build.0 = Release|Any CPU
		{725C9710-54DD-4B53-830F-EB55D3CD25BC}.Debug|Any CPU.ActiveCfg = Debug|Any CPU
		{725C9710-54DD-4B53-830F-EB55D3CD25BC}.Debug|Any CPU.Build.0 = Debug|Any CPU
		{725C9710-54DD-4B53-830F-EB55D3CD25BC}.Release|Any CPU.ActiveCfg = Release|Any CPU
		{725C9710-54DD-4B53-830F-EB55D3CD25BC}.Release|Any CPU.Build.0 = Release|Any CPU
		{07BED75B-A7CA-49CC-8E7B-3193A81B5449}.Debug|Any CPU.ActiveCfg = Debug|Any CPU
		{07BED75B-A7CA-49CC-8E7B-3193A81B5449}.Debug|Any CPU.Build.0 = Debug|Any CPU
		{07BED75B-A7CA-49CC-8E7B-3193A81B5449}.Release|Any CPU.ActiveCfg = Release|Any CPU
		{07BED75B-A7CA-49CC-8E7B-3193A81B5449}.Release|Any CPU.Build.0 = Release|Any CPU
		{6B18B30A-5631-4D7E-BD0F-4E9B5C2F3663}.Debug|Any CPU.ActiveCfg = Debug|Any CPU
		{6B18B30A-5631-4D7E-BD0F-4E9B5C2F3663}.Debug|Any CPU.Build.0 = Debug|Any CPU
		{6B18B30A-5631-4D7E-BD0F-4E9B5C2F3663}.Release|Any CPU.ActiveCfg = Release|Any CPU
		{6B18B30A-5631-4D7E-BD0F-4E9B5C2F3663}.Release|Any CPU.Build.0 = Release|Any CPU
		{EDBBA51C-0012-4732-8B0E-1F17AA83200B}.Debug|Any CPU.ActiveCfg = Debug|Any CPU
		{EDBBA51C-0012-4732-8B0E-1F17AA83200B}.Debug|Any CPU.Build.0 = Debug|Any CPU
		{EDBBA51C-0012-4732-8B0E-1F17AA83200B}.Release|Any CPU.ActiveCfg = Release|Any CPU
		{EDBBA51C-0012-4732-8B0E-1F17AA83200B}.Release|Any CPU.Build.0 = Release|Any CPU
		{677BE187-5194-43A7-BFA7-0EF641B6707A}.Debug|Any CPU.ActiveCfg = Debug|Any CPU
		{677BE187-5194-43A7-BFA7-0EF641B6707A}.Debug|Any CPU.Build.0 = Debug|Any CPU
		{677BE187-5194-43A7-BFA7-0EF641B6707A}.Release|Any CPU.ActiveCfg = Release|Any CPU
		{677BE187-5194-43A7-BFA7-0EF641B6707A}.Release|Any CPU.Build.0 = Release|Any CPU
		{EB5AAC02-4912-4DA5-90F1-1F29A0C9ADF8}.Debug|Any CPU.ActiveCfg = Debug|Any CPU
		{EB5AAC02-4912-4DA5-90F1-1F29A0C9ADF8}.Debug|Any CPU.Build.0 = Debug|Any CPU
		{EB5AAC02-4912-4DA5-90F1-1F29A0C9ADF8}.Release|Any CPU.ActiveCfg = Release|Any CPU
		{EB5AAC02-4912-4DA5-90F1-1F29A0C9ADF8}.Release|Any CPU.Build.0 = Release|Any CPU
		{0BD7235D-6382-43A3-8673-B43512DEAF58}.Debug|Any CPU.ActiveCfg = Debug|Any CPU
		{0BD7235D-6382-43A3-8673-B43512DEAF58}.Debug|Any CPU.Build.0 = Debug|Any CPU
		{0BD7235D-6382-43A3-8673-B43512DEAF58}.Release|Any CPU.ActiveCfg = Release|Any CPU
		{0BD7235D-6382-43A3-8673-B43512DEAF58}.Release|Any CPU.Build.0 = Release|Any CPU
		{29097D12-B42E-4984-83AF-E224EB0CDC2F}.Debug|Any CPU.ActiveCfg = Debug|Any CPU
		{29097D12-B42E-4984-83AF-E224EB0CDC2F}.Debug|Any CPU.Build.0 = Debug|Any CPU
		{29097D12-B42E-4984-83AF-E224EB0CDC2F}.Release|Any CPU.ActiveCfg = Release|Any CPU
		{29097D12-B42E-4984-83AF-E224EB0CDC2F}.Release|Any CPU.Build.0 = Release|Any CPU
		{9327FB6E-21A5-46BC-AA68-E66FA4E132A0}.Debug|Any CPU.ActiveCfg = Debug|Any CPU
		{9327FB6E-21A5-46BC-AA68-E66FA4E132A0}.Debug|Any CPU.Build.0 = Debug|Any CPU
		{9327FB6E-21A5-46BC-AA68-E66FA4E132A0}.Release|Any CPU.ActiveCfg = Release|Any CPU
		{9327FB6E-21A5-46BC-AA68-E66FA4E132A0}.Release|Any CPU.Build.0 = Release|Any CPU
		{42D4E7D8-D0DD-4B56-98B8-1116EB4415BA}.Debug|Any CPU.ActiveCfg = Debug|Any CPU
		{42D4E7D8-D0DD-4B56-98B8-1116EB4415BA}.Debug|Any CPU.Build.0 = Debug|Any CPU
		{42D4E7D8-D0DD-4B56-98B8-1116EB4415BA}.Release|Any CPU.ActiveCfg = Release|Any CPU
		{42D4E7D8-D0DD-4B56-98B8-1116EB4415BA}.Release|Any CPU.Build.0 = Release|Any CPU
		{8B0632D0-6934-43D6-A2C5-50B1ED4943F0}.Debug|Any CPU.ActiveCfg = Debug|Any CPU
		{8B0632D0-6934-43D6-A2C5-50B1ED4943F0}.Debug|Any CPU.Build.0 = Debug|Any CPU
		{8B0632D0-6934-43D6-A2C5-50B1ED4943F0}.Release|Any CPU.ActiveCfg = Release|Any CPU
		{8B0632D0-6934-43D6-A2C5-50B1ED4943F0}.Release|Any CPU.Build.0 = Release|Any CPU
		{0CDBA2BE-3595-4652-9FE7-DB3EBC66C69D}.Debug|Any CPU.ActiveCfg = Debug|Any CPU
		{0CDBA2BE-3595-4652-9FE7-DB3EBC66C69D}.Debug|Any CPU.Build.0 = Debug|Any CPU
		{0CDBA2BE-3595-4652-9FE7-DB3EBC66C69D}.Release|Any CPU.ActiveCfg = Release|Any CPU
		{0CDBA2BE-3595-4652-9FE7-DB3EBC66C69D}.Release|Any CPU.Build.0 = Release|Any CPU
		{A0C03685-52F8-4E6A-976F-7C0709F3F13C}.Debug|Any CPU.ActiveCfg = Debug|Any CPU
		{A0C03685-52F8-4E6A-976F-7C0709F3F13C}.Debug|Any CPU.Build.0 = Debug|Any CPU
		{A0C03685-52F8-4E6A-976F-7C0709F3F13C}.Release|Any CPU.ActiveCfg = Release|Any CPU
		{A0C03685-52F8-4E6A-976F-7C0709F3F13C}.Release|Any CPU.Build.0 = Release|Any CPU
		{0BB99166-6CC4-4CE0-9F1F-47A150D3AD32}.Debug|Any CPU.ActiveCfg = Debug|Any CPU
		{0BB99166-6CC4-4CE0-9F1F-47A150D3AD32}.Debug|Any CPU.Build.0 = Debug|Any CPU
		{0BB99166-6CC4-4CE0-9F1F-47A150D3AD32}.Release|Any CPU.ActiveCfg = Release|Any CPU
		{0BB99166-6CC4-4CE0-9F1F-47A150D3AD32}.Release|Any CPU.Build.0 = Release|Any CPU
		{050FCD35-F222-4B40-9D24-3A719CF5BB7F}.Debug|Any CPU.ActiveCfg = Debug|Any CPU
		{050FCD35-F222-4B40-9D24-3A719CF5BB7F}.Debug|Any CPU.Build.0 = Debug|Any CPU
		{050FCD35-F222-4B40-9D24-3A719CF5BB7F}.Release|Any CPU.ActiveCfg = Release|Any CPU
		{050FCD35-F222-4B40-9D24-3A719CF5BB7F}.Release|Any CPU.Build.0 = Release|Any CPU
	EndGlobalSection
	GlobalSection(SolutionProperties) = preSolution
		HideSolutionNode = FALSE
	EndGlobalSection
	GlobalSection(ExtensibilityGlobals) = postSolution
		SolutionGuid = {AECA5E09-61B9-4F57-84E7-E7FDB0BA008C}
	EndGlobalSection
EndGlobal
